// !$*UTF8*$!
{
	archiveVersion = 1;
	classes = {
	};
	objectVersion = 56;
	objects = {

/* Begin PBXBuildFile section */
		040F453C2AD48C2500745748 /* SettingsSheet.swift in Sources */ = {isa = PBXBuildFile; fileRef = 040F453B2AD48C2500745748 /* SettingsSheet.swift */; };
		040F453F2AD4904600745748 /* SettingsLabelView.swift in Sources */ = {isa = PBXBuildFile; fileRef = 040F453E2AD4904600745748 /* SettingsLabelView.swift */; };
		040F45412AD495F900745748 /* SettingsRowView.swift in Sources */ = {isa = PBXBuildFile; fileRef = 040F45402AD495F900745748 /* SettingsRowView.swift */; };
		045F75FB2AD087080006A415 /* FruitSlide.swift in Sources */ = {isa = PBXBuildFile; fileRef = 045F75FA2AD087080006A415 /* FruitSlide.swift */; };
		045F75FE2AD08C2D0006A415 /* StartButton.swift in Sources */ = {isa = PBXBuildFile; fileRef = 045F75FD2AD08C2D0006A415 /* StartButton.swift */; };
		045F76002AD08CB10006A415 /* FruitSlider.swift in Sources */ = {isa = PBXBuildFile; fileRef = 045F75FF2AD08CB10006A415 /* FruitSlider.swift */; };
		045F76022AD08CC00006A415 /* Home.swift in Sources */ = {isa = PBXBuildFile; fileRef = 045F76012AD08CC00006A415 /* Home.swift */; };
		045F76042AD177120006A415 /* FruitList.swift in Sources */ = {isa = PBXBuildFile; fileRef = 045F76032AD177120006A415 /* FruitList.swift */; };
		045F76062AD17B8E0006A415 /* FruitOverview.swift in Sources */ = {isa = PBXBuildFile; fileRef = 045F76052AD17B8E0006A415 /* FruitOverview.swift */; };
		045F76092AD1836A0006A415 /* SourceLink.swift in Sources */ = {isa = PBXBuildFile; fileRef = 045F76082AD1836A0006A415 /* SourceLink.swift */; };
		045F760B2AD1869D0006A415 /* FruitNutrients.swift in Sources */ = {isa = PBXBuildFile; fileRef = 045F760A2AD1869D0006A415 /* FruitNutrients.swift */; };
		04C319972ACF554200E3885B /* FruitsApp.swift in Sources */ = {isa = PBXBuildFile; fileRef = 04C319962ACF554200E3885B /* FruitsApp.swift */; };
		04C319992ACF554200E3885B /* ContentView.swift in Sources */ = {isa = PBXBuildFile; fileRef = 04C319982ACF554200E3885B /* ContentView.swift */; };
		04C3199B2ACF554400E3885B /* Assets.xcassets in Resources */ = {isa = PBXBuildFile; fileRef = 04C3199A2ACF554400E3885B /* Assets.xcassets */; };
		04C3199F2ACF554400E3885B /* Preview Assets.xcassets in Resources */ = {isa = PBXBuildFile; fileRef = 04C3199E2ACF554400E3885B /* Preview Assets.xcassets */; };
		04C319A92ACF554500E3885B /* FruitsTests.swift in Sources */ = {isa = PBXBuildFile; fileRef = 04C319A82ACF554500E3885B /* FruitsTests.swift */; };
		04C319B32ACF554500E3885B /* FruitsUITests.swift in Sources */ = {isa = PBXBuildFile; fileRef = 04C319B22ACF554500E3885B /* FruitsUITests.swift */; };
		04C319B52ACF554500E3885B /* FruitsUITestsLaunchTests.swift in Sources */ = {isa = PBXBuildFile; fileRef = 04C319B42ACF554500E3885B /* FruitsUITestsLaunchTests.swift */; };
		04C319C72ACF567A00E3885B /* FruitsData.swift in Sources */ = {isa = PBXBuildFile; fileRef = 04C319C62ACF567A00E3885B /* FruitsData.swift */; };
		04C319C92ACF56DF00E3885B /* Fruit.swift in Sources */ = {isa = PBXBuildFile; fileRef = 04C319C82ACF56DF00E3885B /* Fruit.swift */; };
/* End PBXBuildFile section */

/* Begin PBXContainerItemProxy section */
		04C319A52ACF554500E3885B /* PBXContainerItemProxy */ = {
			isa = PBXContainerItemProxy;
			containerPortal = 04C3198B2ACF554200E3885B /* Project object */;
			proxyType = 1;
			remoteGlobalIDString = 04C319922ACF554200E3885B;
			remoteInfo = Fruits;
		};
		04C319AF2ACF554500E3885B /* PBXContainerItemProxy */ = {
			isa = PBXContainerItemProxy;
			containerPortal = 04C3198B2ACF554200E3885B /* Project object */;
			proxyType = 1;
			remoteGlobalIDString = 04C319922ACF554200E3885B;
			remoteInfo = Fruits;
		};
/* End PBXContainerItemProxy section */

/* Begin PBXFileReference section */
		040F453B2AD48C2500745748 /* SettingsSheet.swift */ = {isa = PBXFileReference; lastKnownFileType = sourcecode.swift; path = SettingsSheet.swift; sourceTree = "<group>"; };
		040F453E2AD4904600745748 /* SettingsLabelView.swift */ = {isa = PBXFileReference; lastKnownFileType = sourcecode.swift; path = SettingsLabelView.swift; sourceTree = "<group>"; };
		040F45402AD495F900745748 /* SettingsRowView.swift */ = {isa = PBXFileReference; lastKnownFileType = sourcecode.swift; path = SettingsRowView.swift; sourceTree = "<group>"; };
		045F75FA2AD087080006A415 /* FruitSlide.swift */ = {isa = PBXFileReference; lastKnownFileType = sourcecode.swift; path = FruitSlide.swift; sourceTree = "<group>"; };
		045F75FD2AD08C2D0006A415 /* StartButton.swift */ = {isa = PBXFileReference; lastKnownFileType = sourcecode.swift; path = StartButton.swift; sourceTree = "<group>"; };
		045F75FF2AD08CB10006A415 /* FruitSlider.swift */ = {isa = PBXFileReference; lastKnownFileType = sourcecode.swift; path = FruitSlider.swift; sourceTree = "<group>"; };
		045F76012AD08CC00006A415 /* Home.swift */ = {isa = PBXFileReference; lastKnownFileType = sourcecode.swift; path = Home.swift; sourceTree = "<group>"; };
		045F76032AD177120006A415 /* FruitList.swift */ = {isa = PBXFileReference; lastKnownFileType = sourcecode.swift; path = FruitList.swift; sourceTree = "<group>"; };
		045F76052AD17B8E0006A415 /* FruitOverview.swift */ = {isa = PBXFileReference; lastKnownFileType = sourcecode.swift; path = FruitOverview.swift; sourceTree = "<group>"; };
		045F76082AD1836A0006A415 /* SourceLink.swift */ = {isa = PBXFileReference; lastKnownFileType = sourcecode.swift; path = SourceLink.swift; sourceTree = "<group>"; };
		045F760A2AD1869D0006A415 /* FruitNutrients.swift */ = {isa = PBXFileReference; lastKnownFileType = sourcecode.swift; path = FruitNutrients.swift; sourceTree = "<group>"; };
		04C319932ACF554200E3885B /* Fruits.app */ = {isa = PBXFileReference; explicitFileType = wrapper.application; includeInIndex = 0; path = Fruits.app; sourceTree = BUILT_PRODUCTS_DIR; };
		04C319962ACF554200E3885B /* FruitsApp.swift */ = {isa = PBXFileReference; lastKnownFileType = sourcecode.swift; path = FruitsApp.swift; sourceTree = "<group>"; };
		04C319982ACF554200E3885B /* ContentView.swift */ = {isa = PBXFileReference; lastKnownFileType = sourcecode.swift; path = ContentView.swift; sourceTree = "<group>"; };
		04C3199A2ACF554400E3885B /* Assets.xcassets */ = {isa = PBXFileReference; lastKnownFileType = folder.assetcatalog; path = Assets.xcassets; sourceTree = "<group>"; };
		04C3199C2ACF554400E3885B /* Fruits.entitlements */ = {isa = PBXFileReference; lastKnownFileType = text.plist.entitlements; path = Fruits.entitlements; sourceTree = "<group>"; };
		04C3199E2ACF554400E3885B /* Preview Assets.xcassets */ = {isa = PBXFileReference; lastKnownFileType = folder.assetcatalog; path = "Preview Assets.xcassets"; sourceTree = "<group>"; };
		04C319A42ACF554500E3885B /* FruitsTests.xctest */ = {isa = PBXFileReference; explicitFileType = wrapper.cfbundle; includeInIndex = 0; path = FruitsTests.xctest; sourceTree = BUILT_PRODUCTS_DIR; };
		04C319A82ACF554500E3885B /* FruitsTests.swift */ = {isa = PBXFileReference; lastKnownFileType = sourcecode.swift; path = FruitsTests.swift; sourceTree = "<group>"; };
		04C319AE2ACF554500E3885B /* FruitsUITests.xctest */ = {isa = PBXFileReference; explicitFileType = wrapper.cfbundle; includeInIndex = 0; path = FruitsUITests.xctest; sourceTree = BUILT_PRODUCTS_DIR; };
		04C319B22ACF554500E3885B /* FruitsUITests.swift */ = {isa = PBXFileReference; lastKnownFileType = sourcecode.swift; path = FruitsUITests.swift; sourceTree = "<group>"; };
		04C319B42ACF554500E3885B /* FruitsUITestsLaunchTests.swift */ = {isa = PBXFileReference; lastKnownFileType = sourcecode.swift; path = FruitsUITestsLaunchTests.swift; sourceTree = "<group>"; };
		04C319C62ACF567A00E3885B /* FruitsData.swift */ = {isa = PBXFileReference; lastKnownFileType = sourcecode.swift; path = FruitsData.swift; sourceTree = "<group>"; };
		04C319C82ACF56DF00E3885B /* Fruit.swift */ = {isa = PBXFileReference; lastKnownFileType = sourcecode.swift; path = Fruit.swift; sourceTree = "<group>"; };
/* End PBXFileReference section */

/* Begin PBXFrameworksBuildPhase section */
		04C319902ACF554200E3885B /* Frameworks */ = {
			isa = PBXFrameworksBuildPhase;
			buildActionMask = 2147483647;
			files = (
			);
			runOnlyForDeploymentPostprocessing = 0;
		};
		04C319A12ACF554500E3885B /* Frameworks */ = {
			isa = PBXFrameworksBuildPhase;
			buildActionMask = 2147483647;
			files = (
			);
			runOnlyForDeploymentPostprocessing = 0;
		};
		04C319AB2ACF554500E3885B /* Frameworks */ = {
			isa = PBXFrameworksBuildPhase;
			buildActionMask = 2147483647;
			files = (
			);
			runOnlyForDeploymentPostprocessing = 0;
		};
/* End PBXFrameworksBuildPhase section */

/* Begin PBXGroup section */
		040F453D2AD4900E00745748 /* SettingsLabelView */ = {
			isa = PBXGroup;
			children = (
			);
			path = SettingsLabelView;
			sourceTree = "<group>";
		};
		045F75FC2AD08C1E0006A415 /* Common */ = {
			isa = PBXGroup;
			children = (
				040F453E2AD4904600745748 /* SettingsLabelView.swift */,
				045F75FD2AD08C2D0006A415 /* StartButton.swift */,
				045F76032AD177120006A415 /* FruitList.swift */,
				040F45402AD495F900745748 /* SettingsRowView.swift */,
			);
			path = Common;
			sourceTree = "<group>";
		};
		045F76072AD183590006A415 /* FruitOverview */ = {
			isa = PBXGroup;
			children = (
				045F76082AD1836A0006A415 /* SourceLink.swift */,
				045F760A2AD1869D0006A415 /* FruitNutrients.swift */,
			);
			path = FruitOverview;
			sourceTree = "<group>";
		};
		04C3198A2ACF554200E3885B = {
			isa = PBXGroup;
			children = (
				04C319952ACF554200E3885B /* Fruits */,
				04C319A72ACF554500E3885B /* FruitsTests */,
				04C319B12ACF554500E3885B /* FruitsUITests */,
				04C319942ACF554200E3885B /* Products */,
			);
			sourceTree = "<group>";
		};
		04C319942ACF554200E3885B /* Products */ = {
			isa = PBXGroup;
			children = (
				04C319932ACF554200E3885B /* Fruits.app */,
				04C319A42ACF554500E3885B /* FruitsTests.xctest */,
				04C319AE2ACF554500E3885B /* FruitsUITests.xctest */,
			);
			name = Products;
			sourceTree = "<group>";
		};
		04C319952ACF554200E3885B /* Fruits */ = {
			isa = PBXGroup;
			children = (
				04C319C52ACF55CB00E3885B /* Data */,
				04C319C42ACF55C100E3885B /* Modal */,
				04C319C22ACF55AF00E3885B /* View */,
				04C319C12ACF55A400E3885B /* Component */,
				04C319962ACF554200E3885B /* FruitsApp.swift */,
				04C319982ACF554200E3885B /* ContentView.swift */,
				04C3199A2ACF554400E3885B /* Assets.xcassets */,
				04C3199C2ACF554400E3885B /* Fruits.entitlements */,
				04C3199D2ACF554400E3885B /* Preview Content */,
			);
			path = Fruits;
			sourceTree = "<group>";
		};
		04C3199D2ACF554400E3885B /* Preview Content */ = {
			isa = PBXGroup;
			children = (
				04C3199E2ACF554400E3885B /* Preview Assets.xcassets */,
			);
			path = "Preview Content";
			sourceTree = "<group>";
		};
		04C319A72ACF554500E3885B /* FruitsTests */ = {
			isa = PBXGroup;
			children = (
				04C319A82ACF554500E3885B /* FruitsTests.swift */,
			);
			path = FruitsTests;
			sourceTree = "<group>";
		};
		04C319B12ACF554500E3885B /* FruitsUITests */ = {
			isa = PBXGroup;
			children = (
				04C319B22ACF554500E3885B /* FruitsUITests.swift */,
				04C319B42ACF554500E3885B /* FruitsUITestsLaunchTests.swift */,
			);
			path = FruitsUITests;
			sourceTree = "<group>";
		};
		04C319C12ACF55A400E3885B /* Component */ = {
			isa = PBXGroup;
			children = (
				040F453D2AD4900E00745748 /* SettingsLabelView */,
				045F76072AD183590006A415 /* FruitOverview */,
				045F75FC2AD08C1E0006A415 /* Common */,
				045F75FA2AD087080006A415 /* FruitSlide.swift */,
			);
			path = Component;
			sourceTree = "<group>";
		};
		04C319C22ACF55AF00E3885B /* View */ = {
			isa = PBXGroup;
			children = (
				045F75FF2AD08CB10006A415 /* FruitSlider.swift */,
				045F76012AD08CC00006A415 /* Home.swift */,
				045F76052AD17B8E0006A415 /* FruitOverview.swift */,
				040F453B2AD48C2500745748 /* SettingsSheet.swift */,
			);
			path = View;
			sourceTree = "<group>";
		};
		04C319C42ACF55C100E3885B /* Modal */ = {
			isa = PBXGroup;
			children = (
				04C319C82ACF56DF00E3885B /* Fruit.swift */,
			);
			path = Modal;
			sourceTree = "<group>";
		};
		04C319C52ACF55CB00E3885B /* Data */ = {
			isa = PBXGroup;
			children = (
				04C319C62ACF567A00E3885B /* FruitsData.swift */,
			);
			path = Data;
			sourceTree = "<group>";
		};
/* End PBXGroup section */

/* Begin PBXNativeTarget section */
		04C319922ACF554200E3885B /* Fruits */ = {
			isa = PBXNativeTarget;
			buildConfigurationList = 04C319B82ACF554500E3885B /* Build configuration list for PBXNativeTarget "Fruits" */;
			buildPhases = (
				04C3198F2ACF554200E3885B /* Sources */,
				04C319902ACF554200E3885B /* Frameworks */,
				04C319912ACF554200E3885B /* Resources */,
			);
			buildRules = (
			);
			dependencies = (
			);
			name = Fruits;
			productName = Fruits;
			productReference = 04C319932ACF554200E3885B /* Fruits.app */;
			productType = "com.apple.product-type.application";
		};
		04C319A32ACF554500E3885B /* FruitsTests */ = {
			isa = PBXNativeTarget;
			buildConfigurationList = 04C319BB2ACF554500E3885B /* Build configuration list for PBXNativeTarget "FruitsTests" */;
			buildPhases = (
				04C319A02ACF554500E3885B /* Sources */,
				04C319A12ACF554500E3885B /* Frameworks */,
				04C319A22ACF554500E3885B /* Resources */,
			);
			buildRules = (
			);
			dependencies = (
				04C319A62ACF554500E3885B /* PBXTargetDependency */,
			);
			name = FruitsTests;
			productName = FruitsTests;
			productReference = 04C319A42ACF554500E3885B /* FruitsTests.xctest */;
			productType = "com.apple.product-type.bundle.unit-test";
		};
		04C319AD2ACF554500E3885B /* FruitsUITests */ = {
			isa = PBXNativeTarget;
			buildConfigurationList = 04C319BE2ACF554500E3885B /* Build configuration list for PBXNativeTarget "FruitsUITests" */;
			buildPhases = (
				04C319AA2ACF554500E3885B /* Sources */,
				04C319AB2ACF554500E3885B /* Frameworks */,
				04C319AC2ACF554500E3885B /* Resources */,
			);
			buildRules = (
			);
			dependencies = (
				04C319B02ACF554500E3885B /* PBXTargetDependency */,
			);
			name = FruitsUITests;
			productName = FruitsUITests;
			productReference = 04C319AE2ACF554500E3885B /* FruitsUITests.xctest */;
			productType = "com.apple.product-type.bundle.ui-testing";
		};
/* End PBXNativeTarget section */

/* Begin PBXProject section */
		04C3198B2ACF554200E3885B /* Project object */ = {
			isa = PBXProject;
			attributes = {
				BuildIndependentTargetsInParallel = 1;
				LastSwiftUpdateCheck = 1500;
				LastUpgradeCheck = 1500;
				TargetAttributes = {
					04C319922ACF554200E3885B = {
						CreatedOnToolsVersion = 15.0;
					};
					04C319A32ACF554500E3885B = {
						CreatedOnToolsVersion = 15.0;
						TestTargetID = 04C319922ACF554200E3885B;
					};
					04C319AD2ACF554500E3885B = {
						CreatedOnToolsVersion = 15.0;
						TestTargetID = 04C319922ACF554200E3885B;
					};
				};
			};
			buildConfigurationList = 04C3198E2ACF554200E3885B /* Build configuration list for PBXProject "Fruits" */;
			compatibilityVersion = "Xcode 14.0";
			developmentRegion = en;
			hasScannedForEncodings = 0;
			knownRegions = (
				en,
				Base,
			);
			mainGroup = 04C3198A2ACF554200E3885B;
			productRefGroup = 04C319942ACF554200E3885B /* Products */;
			projectDirPath = "";
			projectRoot = "";
			targets = (
				04C319922ACF554200E3885B /* Fruits */,
				04C319A32ACF554500E3885B /* FruitsTests */,
				04C319AD2ACF554500E3885B /* FruitsUITests */,
			);
		};
/* End PBXProject section */

/* Begin PBXResourcesBuildPhase section */
		04C319912ACF554200E3885B /* Resources */ = {
			isa = PBXResourcesBuildPhase;
			buildActionMask = 2147483647;
			files = (
				04C3199F2ACF554400E3885B /* Preview Assets.xcassets in Resources */,
				04C3199B2ACF554400E3885B /* Assets.xcassets in Resources */,
			);
			runOnlyForDeploymentPostprocessing = 0;
		};
		04C319A22ACF554500E3885B /* Resources */ = {
			isa = PBXResourcesBuildPhase;
			buildActionMask = 2147483647;
			files = (
			);
			runOnlyForDeploymentPostprocessing = 0;
		};
		04C319AC2ACF554500E3885B /* Resources */ = {
			isa = PBXResourcesBuildPhase;
			buildActionMask = 2147483647;
			files = (
			);
			runOnlyForDeploymentPostprocessing = 0;
		};
/* End PBXResourcesBuildPhase section */

/* Begin PBXSourcesBuildPhase section */
		04C3198F2ACF554200E3885B /* Sources */ = {
			isa = PBXSourcesBuildPhase;
			buildActionMask = 2147483647;
			files = (
				045F76002AD08CB10006A415 /* FruitSlider.swift in Sources */,
				045F76062AD17B8E0006A415 /* FruitOverview.swift in Sources */,
				040F45412AD495F900745748 /* SettingsRowView.swift in Sources */,
				040F453C2AD48C2500745748 /* SettingsSheet.swift in Sources */,
				045F75FE2AD08C2D0006A415 /* StartButton.swift in Sources */,
				04C319C92ACF56DF00E3885B /* Fruit.swift in Sources */,
				045F75FB2AD087080006A415 /* FruitSlide.swift in Sources */,
				045F760B2AD1869D0006A415 /* FruitNutrients.swift in Sources */,
				04C319992ACF554200E3885B /* ContentView.swift in Sources */,
				04C319C72ACF567A00E3885B /* FruitsData.swift in Sources */,
				045F76022AD08CC00006A415 /* Home.swift in Sources */,
				040F453F2AD4904600745748 /* SettingsLabelView.swift in Sources */,
				045F76092AD1836A0006A415 /* SourceLink.swift in Sources */,
				04C319972ACF554200E3885B /* FruitsApp.swift in Sources */,
				045F76042AD177120006A415 /* FruitList.swift in Sources */,
			);
			runOnlyForDeploymentPostprocessing = 0;
		};
		04C319A02ACF554500E3885B /* Sources */ = {
			isa = PBXSourcesBuildPhase;
			buildActionMask = 2147483647;
			files = (
				04C319A92ACF554500E3885B /* FruitsTests.swift in Sources */,
			);
			runOnlyForDeploymentPostprocessing = 0;
		};
		04C319AA2ACF554500E3885B /* Sources */ = {
			isa = PBXSourcesBuildPhase;
			buildActionMask = 2147483647;
			files = (
				04C319B32ACF554500E3885B /* FruitsUITests.swift in Sources */,
				04C319B52ACF554500E3885B /* FruitsUITestsLaunchTests.swift in Sources */,
			);
			runOnlyForDeploymentPostprocessing = 0;
		};
/* End PBXSourcesBuildPhase section */

/* Begin PBXTargetDependency section */
		04C319A62ACF554500E3885B /* PBXTargetDependency */ = {
			isa = PBXTargetDependency;
			target = 04C319922ACF554200E3885B /* Fruits */;
			targetProxy = 04C319A52ACF554500E3885B /* PBXContainerItemProxy */;
		};
		04C319B02ACF554500E3885B /* PBXTargetDependency */ = {
			isa = PBXTargetDependency;
			target = 04C319922ACF554200E3885B /* Fruits */;
			targetProxy = 04C319AF2ACF554500E3885B /* PBXContainerItemProxy */;
		};
/* End PBXTargetDependency section */

/* Begin XCBuildConfiguration section */
		04C319B62ACF554500E3885B /* Debug */ = {
			isa = XCBuildConfiguration;
			buildSettings = {
				ALWAYS_SEARCH_USER_PATHS = NO;
				ASSETCATALOG_COMPILER_GENERATE_SWIFT_ASSET_SYMBOL_EXTENSIONS = YES;
				CLANG_ANALYZER_NONNULL = YES;
				CLANG_ANALYZER_NUMBER_OBJECT_CONVERSION = YES_AGGRESSIVE;
				CLANG_CXX_LANGUAGE_STANDARD = "gnu++20";
				CLANG_ENABLE_MODULES = YES;
				CLANG_ENABLE_OBJC_ARC = YES;
				CLANG_ENABLE_OBJC_WEAK = YES;
				CLANG_WARN_BLOCK_CAPTURE_AUTORELEASING = YES;
				CLANG_WARN_BOOL_CONVERSION = YES;
				CLANG_WARN_COMMA = YES;
				CLANG_WARN_CONSTANT_CONVERSION = YES;
				CLANG_WARN_DEPRECATED_OBJC_IMPLEMENTATIONS = YES;
				CLANG_WARN_DIRECT_OBJC_ISA_USAGE = YES_ERROR;
				CLANG_WARN_DOCUMENTATION_COMMENTS = YES;
				CLANG_WARN_EMPTY_BODY = YES;
				CLANG_WARN_ENUM_CONVERSION = YES;
				CLANG_WARN_INFINITE_RECURSION = YES;
				CLANG_WARN_INT_CONVERSION = YES;
				CLANG_WARN_NON_LITERAL_NULL_CONVERSION = YES;
				CLANG_WARN_OBJC_IMPLICIT_RETAIN_SELF = YES;
				CLANG_WARN_OBJC_LITERAL_CONVERSION = YES;
				CLANG_WARN_OBJC_ROOT_CLASS = YES_ERROR;
				CLANG_WARN_QUOTED_INCLUDE_IN_FRAMEWORK_HEADER = YES;
				CLANG_WARN_RANGE_LOOP_ANALYSIS = YES;
				CLANG_WARN_STRICT_PROTOTYPES = YES;
				CLANG_WARN_SUSPICIOUS_MOVE = YES;
				CLANG_WARN_UNGUARDED_AVAILABILITY = YES_AGGRESSIVE;
				CLANG_WARN_UNREACHABLE_CODE = YES;
				CLANG_WARN__DUPLICATE_METHOD_MATCH = YES;
				COPY_PHASE_STRIP = NO;
				DEBUG_INFORMATION_FORMAT = dwarf;
				ENABLE_STRICT_OBJC_MSGSEND = YES;
				ENABLE_TESTABILITY = YES;
				ENABLE_USER_SCRIPT_SANDBOXING = YES;
				GCC_C_LANGUAGE_STANDARD = gnu17;
				GCC_DYNAMIC_NO_PIC = NO;
				GCC_NO_COMMON_BLOCKS = YES;
				GCC_OPTIMIZATION_LEVEL = 0;
				GCC_PREPROCESSOR_DEFINITIONS = (
					"DEBUG=1",
					"$(inherited)",
				);
				GCC_WARN_64_TO_32_BIT_CONVERSION = YES;
				GCC_WARN_ABOUT_RETURN_TYPE = YES_ERROR;
				GCC_WARN_UNDECLARED_SELECTOR = YES;
				GCC_WARN_UNINITIALIZED_AUTOS = YES_AGGRESSIVE;
				GCC_WARN_UNUSED_FUNCTION = YES;
				GCC_WARN_UNUSED_VARIABLE = YES;
				LOCALIZATION_PREFERS_STRING_CATALOGS = YES;
				MTL_ENABLE_DEBUG_INFO = INCLUDE_SOURCE;
				MTL_FAST_MATH = YES;
				ONLY_ACTIVE_ARCH = YES;
				SWIFT_ACTIVE_COMPILATION_CONDITIONS = "DEBUG $(inherited)";
				SWIFT_OPTIMIZATION_LEVEL = "-Onone";
			};
			name = Debug;
		};
		04C319B72ACF554500E3885B /* Release */ = {
			isa = XCBuildConfiguration;
			buildSettings = {
				ALWAYS_SEARCH_USER_PATHS = NO;
				ASSETCATALOG_COMPILER_GENERATE_SWIFT_ASSET_SYMBOL_EXTENSIONS = YES;
				CLANG_ANALYZER_NONNULL = YES;
				CLANG_ANALYZER_NUMBER_OBJECT_CONVERSION = YES_AGGRESSIVE;
				CLANG_CXX_LANGUAGE_STANDARD = "gnu++20";
				CLANG_ENABLE_MODULES = YES;
				CLANG_ENABLE_OBJC_ARC = YES;
				CLANG_ENABLE_OBJC_WEAK = YES;
				CLANG_WARN_BLOCK_CAPTURE_AUTORELEASING = YES;
				CLANG_WARN_BOOL_CONVERSION = YES;
				CLANG_WARN_COMMA = YES;
				CLANG_WARN_CONSTANT_CONVERSION = YES;
				CLANG_WARN_DEPRECATED_OBJC_IMPLEMENTATIONS = YES;
				CLANG_WARN_DIRECT_OBJC_ISA_USAGE = YES_ERROR;
				CLANG_WARN_DOCUMENTATION_COMMENTS = YES;
				CLANG_WARN_EMPTY_BODY = YES;
				CLANG_WARN_ENUM_CONVERSION = YES;
				CLANG_WARN_INFINITE_RECURSION = YES;
				CLANG_WARN_INT_CONVERSION = YES;
				CLANG_WARN_NON_LITERAL_NULL_CONVERSION = YES;
				CLANG_WARN_OBJC_IMPLICIT_RETAIN_SELF = YES;
				CLANG_WARN_OBJC_LITERAL_CONVERSION = YES;
				CLANG_WARN_OBJC_ROOT_CLASS = YES_ERROR;
				CLANG_WARN_QUOTED_INCLUDE_IN_FRAMEWORK_HEADER = YES;
				CLANG_WARN_RANGE_LOOP_ANALYSIS = YES;
				CLANG_WARN_STRICT_PROTOTYPES = YES;
				CLANG_WARN_SUSPICIOUS_MOVE = YES;
				CLANG_WARN_UNGUARDED_AVAILABILITY = YES_AGGRESSIVE;
				CLANG_WARN_UNREACHABLE_CODE = YES;
				CLANG_WARN__DUPLICATE_METHOD_MATCH = YES;
				COPY_PHASE_STRIP = NO;
				DEBUG_INFORMATION_FORMAT = "dwarf-with-dsym";
				ENABLE_NS_ASSERTIONS = NO;
				ENABLE_STRICT_OBJC_MSGSEND = YES;
				ENABLE_USER_SCRIPT_SANDBOXING = YES;
				GCC_C_LANGUAGE_STANDARD = gnu17;
				GCC_NO_COMMON_BLOCKS = YES;
				GCC_WARN_64_TO_32_BIT_CONVERSION = YES;
				GCC_WARN_ABOUT_RETURN_TYPE = YES_ERROR;
				GCC_WARN_UNDECLARED_SELECTOR = YES;
				GCC_WARN_UNINITIALIZED_AUTOS = YES_AGGRESSIVE;
				GCC_WARN_UNUSED_FUNCTION = YES;
				GCC_WARN_UNUSED_VARIABLE = YES;
				LOCALIZATION_PREFERS_STRING_CATALOGS = YES;
				MTL_ENABLE_DEBUG_INFO = NO;
				MTL_FAST_MATH = YES;
				SWIFT_COMPILATION_MODE = wholemodule;
			};
			name = Release;
		};
		04C319B92ACF554500E3885B /* Debug */ = {
			isa = XCBuildConfiguration;
			buildSettings = {
				ASSETCATALOG_COMPILER_APPICON_NAME = AppIcon;
				ASSETCATALOG_COMPILER_GLOBAL_ACCENT_COLOR_NAME = AccentColor;
				CODE_SIGN_ENTITLEMENTS = Fruits/Fruits.entitlements;
				CODE_SIGN_STYLE = Automatic;
				CURRENT_PROJECT_VERSION = 1;
				DEVELOPMENT_ASSET_PATHS = "\"Fruits/Preview Content\"";
				DEVELOPMENT_TEAM = CPZ788HBN9;
				ENABLE_PREVIEWS = YES;
				GENERATE_INFOPLIST_FILE = YES;
				"INFOPLIST_KEY_UIApplicationSceneManifest_Generation[sdk=iphoneos*]" = YES;
				"INFOPLIST_KEY_UIApplicationSceneManifest_Generation[sdk=iphonesimulator*]" = YES;
				"INFOPLIST_KEY_UIApplicationSupportsIndirectInputEvents[sdk=iphoneos*]" = YES;
				"INFOPLIST_KEY_UIApplicationSupportsIndirectInputEvents[sdk=iphonesimulator*]" = YES;
				"INFOPLIST_KEY_UILaunchScreen_Generation[sdk=iphoneos*]" = YES;
				"INFOPLIST_KEY_UILaunchScreen_Generation[sdk=iphonesimulator*]" = YES;
				"INFOPLIST_KEY_UIStatusBarStyle[sdk=iphoneos*]" = UIStatusBarStyleDefault;
				"INFOPLIST_KEY_UIStatusBarStyle[sdk=iphonesimulator*]" = UIStatusBarStyleDefault;
				INFOPLIST_KEY_UISupportedInterfaceOrientations_iPad = "UIInterfaceOrientationPortrait UIInterfaceOrientationPortraitUpsideDown UIInterfaceOrientationLandscapeLeft UIInterfaceOrientationLandscapeRight";
				INFOPLIST_KEY_UISupportedInterfaceOrientations_iPhone = "UIInterfaceOrientationPortrait UIInterfaceOrientationLandscapeLeft UIInterfaceOrientationLandscapeRight";
				IPHONEOS_DEPLOYMENT_TARGET = 16.1.2;
				LD_RUNPATH_SEARCH_PATHS = "@executable_path/Frameworks";
				"LD_RUNPATH_SEARCH_PATHS[sdk=macosx*]" = "@executable_path/../Frameworks";
				MACOSX_DEPLOYMENT_TARGET = 14.0;
				MARKETING_VERSION = 1.0;
				PRODUCT_BUNDLE_IDENTIFIER = umitahmed.com.Fruits;
				PRODUCT_NAME = "$(TARGET_NAME)";
				SDKROOT = auto;
				SUPPORTED_PLATFORMS = "iphoneos iphonesimulator macosx";
				SWIFT_EMIT_LOC_STRINGS = YES;
				SWIFT_VERSION = 5.0;
				TARGETED_DEVICE_FAMILY = "1,2";
			};
			name = Debug;
		};
		04C319BA2ACF554500E3885B /* Release */ = {
			isa = XCBuildConfiguration;
			buildSettings = {
				ASSETCATALOG_COMPILER_APPICON_NAME = AppIcon;
				ASSETCATALOG_COMPILER_GLOBAL_ACCENT_COLOR_NAME = AccentColor;
				CODE_SIGN_ENTITLEMENTS = Fruits/Fruits.entitlements;
				CODE_SIGN_STYLE = Automatic;
				CURRENT_PROJECT_VERSION = 1;
				DEVELOPMENT_ASSET_PATHS = "\"Fruits/Preview Content\"";
				DEVELOPMENT_TEAM = CPZ788HBN9;
				ENABLE_PREVIEWS = YES;
				GENERATE_INFOPLIST_FILE = YES;
				"INFOPLIST_KEY_UIApplicationSceneManifest_Generation[sdk=iphoneos*]" = YES;
				"INFOPLIST_KEY_UIApplicationSceneManifest_Generation[sdk=iphonesimulator*]" = YES;
				"INFOPLIST_KEY_UIApplicationSupportsIndirectInputEvents[sdk=iphoneos*]" = YES;
				"INFOPLIST_KEY_UIApplicationSupportsIndirectInputEvents[sdk=iphonesimulator*]" = YES;
				"INFOPLIST_KEY_UILaunchScreen_Generation[sdk=iphoneos*]" = YES;
				"INFOPLIST_KEY_UILaunchScreen_Generation[sdk=iphonesimulator*]" = YES;
				"INFOPLIST_KEY_UIStatusBarStyle[sdk=iphoneos*]" = UIStatusBarStyleDefault;
				"INFOPLIST_KEY_UIStatusBarStyle[sdk=iphonesimulator*]" = UIStatusBarStyleDefault;
				INFOPLIST_KEY_UISupportedInterfaceOrientations_iPad = "UIInterfaceOrientationPortrait UIInterfaceOrientationPortraitUpsideDown UIInterfaceOrientationLandscapeLeft UIInterfaceOrientationLandscapeRight";
				INFOPLIST_KEY_UISupportedInterfaceOrientations_iPhone = "UIInterfaceOrientationPortrait UIInterfaceOrientationLandscapeLeft UIInterfaceOrientationLandscapeRight";
				IPHONEOS_DEPLOYMENT_TARGET = 16.1.2;
				LD_RUNPATH_SEARCH_PATHS = "@executable_path/Frameworks";
				"LD_RUNPATH_SEARCH_PATHS[sdk=macosx*]" = "@executable_path/../Frameworks";
				MACOSX_DEPLOYMENT_TARGET = 14.0;
				MARKETING_VERSION = 1.0;
				PRODUCT_BUNDLE_IDENTIFIER = umitahmed.com.Fruits;
				PRODUCT_NAME = "$(TARGET_NAME)";
				SDKROOT = auto;
				SUPPORTED_PLATFORMS = "iphoneos iphonesimulator macosx";
				SWIFT_EMIT_LOC_STRINGS = YES;
				SWIFT_VERSION = 5.0;
				TARGETED_DEVICE_FAMILY = "1,2";
			};
			name = Release;
		};
		04C319BC2ACF554500E3885B /* Debug */ = {
			isa = XCBuildConfiguration;
			buildSettings = {
				ALWAYS_EMBED_SWIFT_STANDARD_LIBRARIES = YES;
				BUNDLE_LOADER = "$(TEST_HOST)";
				CODE_SIGN_STYLE = Automatic;
				CURRENT_PROJECT_VERSION = 1;
				GENERATE_INFOPLIST_FILE = YES;
				IPHONEOS_DEPLOYMENT_TARGET = 16.1.2;
				MACOSX_DEPLOYMENT_TARGET = 14.0;
				MARKETING_VERSION = 1.0;
				PRODUCT_BUNDLE_IDENTIFIER = umitahmed.com.FruitsTests;
				PRODUCT_NAME = "$(TARGET_NAME)";
				SDKROOT = auto;
				SUPPORTED_PLATFORMS = "iphoneos iphonesimulator macosx";
				SWIFT_EMIT_LOC_STRINGS = NO;
				SWIFT_VERSION = 5.0;
				TARGETED_DEVICE_FAMILY = "1,2";
				TEST_HOST = "$(BUILT_PRODUCTS_DIR)/Fruits.app/$(BUNDLE_EXECUTABLE_FOLDER_PATH)/Fruits";
			};
			name = Debug;
		};
		04C319BD2ACF554500E3885B /* Release */ = {
			isa = XCBuildConfiguration;
			buildSettings = {
				ALWAYS_EMBED_SWIFT_STANDARD_LIBRARIES = YES;
				BUNDLE_LOADER = "$(TEST_HOST)";
				CODE_SIGN_STYLE = Automatic;
				CURRENT_PROJECT_VERSION = 1;
				GENERATE_INFOPLIST_FILE = YES;
				IPHONEOS_DEPLOYMENT_TARGET = 16.1.2;
				MACOSX_DEPLOYMENT_TARGET = 14.0;
				MARKETING_VERSION = 1.0;
				PRODUCT_BUNDLE_IDENTIFIER = umitahmed.com.FruitsTests;
				PRODUCT_NAME = "$(TARGET_NAME)";
				SDKROOT = auto;
				SUPPORTED_PLATFORMS = "iphoneos iphonesimulator macosx";
				SWIFT_EMIT_LOC_STRINGS = NO;
				SWIFT_VERSION = 5.0;
				TARGETED_DEVICE_FAMILY = "1,2";
				TEST_HOST = "$(BUILT_PRODUCTS_DIR)/Fruits.app/$(BUNDLE_EXECUTABLE_FOLDER_PATH)/Fruits";
			};
			name = Release;
		};
		04C319BF2ACF554500E3885B /* Debug */ = {
			isa = XCBuildConfiguration;
			buildSettings = {
				ALWAYS_EMBED_SWIFT_STANDARD_LIBRARIES = YES;
				CODE_SIGN_STYLE = Automatic;
				CURRENT_PROJECT_VERSION = 1;
				GENERATE_INFOPLIST_FILE = YES;
				IPHONEOS_DEPLOYMENT_TARGET = 16.1.2;
				MACOSX_DEPLOYMENT_TARGET = 14.0;
				MARKETING_VERSION = 1.0;
				PRODUCT_BUNDLE_IDENTIFIER = umitahmed.com.FruitsUITests;
				PRODUCT_NAME = "$(TARGET_NAME)";
				SDKROOT = auto;
				SUPPORTED_PLATFORMS = "iphoneos iphonesimulator macosx";
				SWIFT_EMIT_LOC_STRINGS = NO;
				SWIFT_VERSION = 5.0;
				TARGETED_DEVICE_FAMILY = "1,2";
				TEST_TARGET_NAME = Fruits;
			};
			name = Debug;
		};
		04C319C02ACF554500E3885B /* Release */ = {
			isa = XCBuildConfiguration;
			buildSettings = {
				ALWAYS_EMBED_SWIFT_STANDARD_LIBRARIES = YES;
				CODE_SIGN_STYLE = Automatic;
				CURRENT_PROJECT_VERSION = 1;
				GENERATE_INFOPLIST_FILE = YES;
				IPHONEOS_DEPLOYMENT_TARGET = 16.1.2;
				MACOSX_DEPLOYMENT_TARGET = 14.0;
				MARKETING_VERSION = 1.0;
				PRODUCT_BUNDLE_IDENTIFIER = umitahmed.com.FruitsUITests;
				PRODUCT_NAME = "$(TARGET_NAME)";
				SDKROOT = auto;
				SUPPORTED_PLATFORMS = "iphoneos iphonesimulator macosx";
				SWIFT_EMIT_LOC_STRINGS = NO;
				SWIFT_VERSION = 5.0;
				TARGETED_DEVICE_FAMILY = "1,2";
				TEST_TARGET_NAME = Fruits;
			};
			name = Release;
		};
/* End XCBuildConfiguration section */

/* Begin XCConfigurationList section */
		04C3198E2ACF554200E3885B /* Build configuration list for PBXProject "Fruits" */ = {
			isa = XCConfigurationList;
			buildConfigurations = (
				04C319B62ACF554500E3885B /* Debug */,
				04C319B72ACF554500E3885B /* Release */,
			);
			defaultConfigurationIsVisible = 0;
			defaultConfigurationName = Release;
		};
		04C319B82ACF554500E3885B /* Build configuration list for PBXNativeTarget "Fruits" */ = {
			isa = XCConfigurationList;
			buildConfigurations = (
				04C319B92ACF554500E3885B /* Debug */,
				04C319BA2ACF554500E3885B /* Release */,
			);
			defaultConfigurationIsVisible = 0;
			defaultConfigurationName = Release;
		};
		04C319BB2ACF554500E3885B /* Build configuration list for PBXNativeTarget "FruitsTests" */ = {
			isa = XCConfigurationList;
			buildConfigurations = (
				04C319BC2ACF554500E3885B /* Debug */,
				04C319BD2ACF554500E3885B /* Release */,
			);
			defaultConfigurationIsVisible = 0;
			defaultConfigurationName = Release;
		};
		04C319BE2ACF554500E3885B /* Build configuration list for PBXNativeTarget "FruitsUITests" */ = {
			isa = XCConfigurationList;
			buildConfigurations = (
				04C319BF2ACF554500E3885B /* Debug */,
				04C319C02ACF554500E3885B /* Release */,
			);
			defaultConfigurationIsVisible = 0;
			defaultConfigurationName = Release;
		};
/* End XCConfigurationList section */
	};
	rootObject = 04C3198B2ACF554200E3885B /* Project object */;
}
